
Microsoft Visual Studio Solution File, Format Version 12.00
# Visual Studio Version 17
VisualStudioVersion = 17.11.35222.181
MinimumVisualStudioVersion = 10.0.40219.1
Project("{FAE04EC0-301F-11D3-BF4B-00C04F79EFBC}") = "SR1", "SR1.csproj", "{58C07C35-A616-4FCE-8B4D-E213CF3546AB}"
EndProject
Global
	GlobalSection(SolutionConfigurationPlatforms) = preSolution
		Debug|Any CPU = Debug|Any CPU
		Release|Any CPU = Release|Any CPU
	EndGlobalSection
	GlobalSection(ProjectConfigurationPlatforms) = postSolution
		{58C07C35-A616-4FCE-8B4D-E213CF3546AB}.Debug|Any CPU.ActiveCfg = Debug|Any CPU
		{58C07C35-A616-4FCE-8B4D-E213CF3546AB}.Debug|Any CPU.Build.0 = Debug|Any CPU
		{58C07C35-A616-4FCE-8B4D-E213CF3546AB}.Release|Any CPU.ActiveCfg = Release|Any CPU
		{58C07C35-A616-4FCE-8B4D-E213CF3546AB}.Release|Any CPU.Build.0 = Release|Any CPU
	EndGlobalSection
	GlobalSection(SolutionProperties) = preSolution
		HideSolutionNode = FALSE
	EndGlobalSection
	GlobalSection(ExtensibilityGlobals) = postSolution
		SolutionGuid = {D3AADDC1-65F7-4BF5-B228-BFB7438BD8B1}
	EndGlobalSection
EndGlobal
